
Microsoft Visual Studio Solution File, Format Version 12.00
# Visual Studio Version 17
VisualStudioVersion = 17.3.32901.215
MinimumVisualStudioVersion = 10.0.40219.1
Project("{FAE04EC0-301F-11D3-BF4B-00C04F79EFBC}") = "Evaluacion", "Evaluacion\Evaluacion.csproj", "{8A06AAA7-C461-486C-A254-DDFC7DB35C29}"
EndProject
Project("{FAE04EC0-301F-11D3-BF4B-00C04F79EFBC}") = "EncuestaLibrery", "EncuestaLibrery\EncuestaLibrery.csproj", "{1C70A22D-945B-4A49-AC66-8E7ECE359C4D}"
EndProject
Global
	GlobalSection(SolutionConfigurationPlatforms) = preSolution
		Debug|Any CPU = Debug|Any CPU
		Release|Any CPU = Release|Any CPU
	EndGlobalSection
	GlobalSection(ProjectConfigurationPlatforms) = postSolution
		{8A06AAA7-C461-486C-A254-DDFC7DB35C29}.Debug|Any CPU.ActiveCfg = Debug|Any CPU
		{8A06AAA7-C461-486C-A254-DDFC7DB35C29}.Debug|Any CPU.Build.0 = Debug|Any CPU
		{8A06AAA7-C461-486C-A254-DDFC7DB35C29}.Release|Any CPU.ActiveCfg = Release|Any CPU
		{8A06AAA7-C461-486C-A254-DDFC7DB35C29}.Release|Any CPU.Build.0 = Release|Any CPU
		{1C70A22D-945B-4A49-AC66-8E7ECE359C4D}.Debug|Any CPU.ActiveCfg = Debug|Any CPU
		{1C70A22D-945B-4A49-AC66-8E7ECE359C4D}.Debug|Any CPU.Build.0 = Debug|Any CPU
		{1C70A22D-945B-4A49-AC66-8E7ECE359C4D}.Release|Any CPU.ActiveCfg = Release|Any CPU
		{1C70A22D-945B-4A49-AC66-8E7ECE359C4D}.Release|Any CPU.Build.0 = Release|Any CPU
	EndGlobalSection
	GlobalSection(SolutionProperties) = preSolution
		HideSolutionNode = FALSE
	EndGlobalSection
	GlobalSection(ExtensibilityGlobals) = postSolution
		SolutionGuid = {0741970D-EB50-4F1F-823F-6D7430CEC47C}
	EndGlobalSection
EndGlobal
